
Microsoft Visual Studio Solution File, Format Version 11.00
# Visual Studio 2010
Project("{FAE04EC0-301F-11D3-BF4B-00C04F79EFBC}") = "Click! Damagochi", "Assembly-CSharp.csproj", "{CC9B7366-DD9B-C522-9B77-016874C5352E}"
EndProject
Project("{FAE04EC0-301F-11D3-BF4B-00C04F79EFBC}") = "Click! Damagochi", "Assembly-CSharp-firstpass.csproj", "{6D3E26A9-3EB3-207A-1007-E52C91231C18}"
EndProject
Project("{FAE04EC0-301F-11D3-BF4B-00C04F79EFBC}") = "Click! Damagochi", "Assembly-CSharp-Editor-firstpass.csproj", "{8EC4EDBA-09D0-2E83-8954-9E40E6F0E63A}"
EndProject
Global
	GlobalSection(SolutionConfigurationPlatforms) = preSolution
		Debug|Any CPU = Debug|Any CPU
		Release|Any CPU = Release|Any CPU
	EndGlobalSection
	GlobalSection(ProjectConfigurationPlatforms) = postSolution
		{CC9B7366-DD9B-C522-9B77-016874C5352E}.Debug|Any CPU.ActiveCfg = Debug|Any CPU
		{CC9B7366-DD9B-C522-9B77-016874C5352E}.Debug|Any CPU.Build.0 = Debug|Any CPU
		{CC9B7366-DD9B-C522-9B77-016874C5352E}.Release|Any CPU.ActiveCfg = Release|Any CPU
		{CC9B7366-DD9B-C522-9B77-016874C5352E}.Release|Any CPU.Build.0 = Release|Any CPU
		{6D3E26A9-3EB3-207A-1007-E52C91231C18}.Debug|Any CPU.ActiveCfg = Debug|Any CPU
		{6D3E26A9-3EB3-207A-1007-E52C91231C18}.Debug|Any CPU.Build.0 = Debug|Any CPU
		{6D3E26A9-3EB3-207A-1007-E52C91231C18}.Release|Any CPU.ActiveCfg = Release|Any CPU
		{6D3E26A9-3EB3-207A-1007-E52C91231C18}.Release|Any CPU.Build.0 = Release|Any CPU
		{8EC4EDBA-09D0-2E83-8954-9E40E6F0E63A}.Debug|Any CPU.ActiveCfg = Debug|Any CPU
		{8EC4EDBA-09D0-2E83-8954-9E40E6F0E63A}.Debug|Any CPU.Build.0 = Debug|Any CPU
		{8EC4EDBA-09D0-2E83-8954-9E40E6F0E63A}.Release|Any CPU.ActiveCfg = Release|Any CPU
		{8EC4EDBA-09D0-2E83-8954-9E40E6F0E63A}.Release|Any CPU.Build.0 = Release|Any CPU
	EndGlobalSection
	GlobalSection(SolutionProperties) = preSolution
		HideSolutionNode = FALSE
	EndGlobalSection
	GlobalSection(MonoDevelopProperties) = preSolution
		StartupItem = Assembly-CSharp.csproj
	EndGlobalSection
EndGlobal
